Microsoft Visual Studio Solution File, Format Version 12.00
# Visual Studio Version 17
VisualStudioVersion = 17.13.35931.197
MinimumVisualStudioVersion = 10.0.40219.1
Project("{FAE04EC0-301F-11D3-BF4B-00C04F79EFBC}") = "SCMonoGameUtilities.DearImGui", "SCMonoGameUtilities.DearImGui\SCMonoGameUtilities.DearImGui.csproj", "{5F616190-E804-FECE-3EDA-32E59D463927}"
EndProject
Project("{FAE04EC0-301F-11D3-BF4B-00C04F79EFBC}") = "SCMonoGameUtilities.DearImGui.Demos", "SCMonoGameUtilities.DearImGui.Demos\SCMonoGameUtilities.DearImGui.Demos.csproj", "{9B1FC9D4-1F83-B6AF-828C-489EE40BAC54}"
EndProject
Project("{2150E333-8FDC-42A3-9474-1A3956D46DE8}") = "Repo Items", "Repo Items", "{02EA681E-C7D8-13C7-8484-4AC65E1B71E8}"
	ProjectSection(SolutionItems) = preProject
		..\.gitattributes = ..\.gitattributes
		..\.gitignore = ..\.gitignore
		..\.github\workflows\onPush.yml = ..\.github\workflows\onPush.yml
		..\.github\workflows\onRelease.yml = ..\.github\workflows\onRelease.yml
		..\README.md = ..\README.md
	EndProjectSection
EndProject
Project("{FAE04EC0-301F-11D3-BF4B-00C04F79EFBC}") = "SCMonoGameUtilities.DearImGui.Benchmarks", "SCMonoGameUtilities.DearImGui.Benchmarks\SCMonoGameUtilities.DearImGui.Benchmarks.csproj", "{DCF1D1C2-89DD-4F3F-8A90-89DE82CB3EA0}"
EndProject
Global
	GlobalSection(SolutionConfigurationPlatforms) = preSolution
		Debug|Any CPU = Debug|Any CPU
		Release|Any CPU = Release|Any CPU
	EndGlobalSection
	GlobalSection(ProjectConfigurationPlatforms) = postSolution
		{5F616190-E804-FECE-3EDA-32E59D463927}.Debug|Any CPU.ActiveCfg = Debug|Any CPU
		{5F616190-E804-FECE-3EDA-32E59D463927}.Debug|Any CPU.Build.0 = Debug|Any CPU
		{5F616190-E804-FECE-3EDA-32E59D463927}.Release|Any CPU.ActiveCfg = Release|Any CPU
		{5F616190-E804-FECE-3EDA-32E59D463927}.Release|Any CPU.Build.0 = Release|Any CPU
		{9B1FC9D4-1F83-B6AF-828C-489EE40BAC54}.Debug|Any CPU.ActiveCfg = Debug|Any CPU
		{9B1FC9D4-1F83-B6AF-828C-489EE40BAC54}.Debug|Any CPU.Build.0 = Debug|Any CPU
		{9B1FC9D4-1F83-B6AF-828C-489EE40BAC54}.Release|Any CPU.ActiveCfg = Release|Any CPU
		{9B1FC9D4-1F83-B6AF-828C-489EE40BAC54}.Release|Any CPU.Build.0 = Release|Any CPU
		{DCF1D1C2-89DD-4F3F-8A90-89DE82CB3EA0}.Debug|Any CPU.ActiveCfg = Debug|Any CPU
		{DCF1D1C2-89DD-4F3F-8A90-89DE82CB3EA0}.Debug|Any CPU.Build.0 = Debug|Any CPU
		{DCF1D1C2-89DD-4F3F-8A90-89DE82CB3EA0}.Release|Any CPU.ActiveCfg = Release|Any CPU
		{DCF1D1C2-89DD-4F3F-8A90-89DE82CB3EA0}.Release|Any CPU.Build.0 = Release|Any CPU
	EndGlobalSection
	GlobalSection(SolutionProperties) = preSolution
		HideSolutionNode = FALSE
	EndGlobalSection
	GlobalSection(ExtensibilityGlobals) = postSolution
		SolutionGuid = {704C7D01-16FD-4C3E-8C60-3F33F7228DC0}
	EndGlobalSection
EndGlobal
